
Microsoft Visual Studio Solution File, Format Version 12.00
# Visual Studio 15
Project("{FAE04EC0-301F-11D3-BF4B-00C04F79EFBC}") = "Unity.XR.PICO", "Unity.XR.PICO.csproj", "{CD42312B-2CBE-071F-9A73-F5C20E438DF4}"
EndProject
Project("{FAE04EC0-301F-11D3-BF4B-00C04F79EFBC}") = "PICO.Platform", "PICO.Platform.csproj", "{3C0ABC21-2A7B-59EF-C0A5-EC7EAD94BE35}"
EndProject
Project("{FAE04EC0-301F-11D3-BF4B-00C04F79EFBC}") = "Pico.Spatializer.Editor", "Pico.Spatializer.Editor.csproj", "{76650762-AE58-ED2F-E5DA-E1A3F77A31A2}"
EndProject
Project("{FAE04EC0-301F-11D3-BF4B-00C04F79EFBC}") = "Unity.XR.PICO.Editor", "Unity.XR.PICO.Editor.csproj", "{06E654FE-3802-28E9-1B00-FF1D56BAEA29}"
EndProject
Project("{FAE04EC0-301F-11D3-BF4B-00C04F79EFBC}") = "Pico.Spatializer", "Pico.Spatializer.csproj", "{94D5DABA-B7E3-1E17-4D2D-69F81E9C6B0E}"
EndProject
Project("{FAE04EC0-301F-11D3-BF4B-00C04F79EFBC}") = "Pico.Spatializer.Example", "Pico.Spatializer.Example.csproj", "{095A93D6-786D-98D8-B61B-F3A3DE7D4E0F}"
EndProject
Project("{FAE04EC0-301F-11D3-BF4B-00C04F79EFBC}") = "Unity.XR.Interaction.Toolkit.Samples.StarterAssets", "Unity.XR.Interaction.Toolkit.Samples.StarterAssets.csproj", "{D471412C-A26B-B821-9CFD-CC2B429FABF6}"
EndProject
Project("{FAE04EC0-301F-11D3-BF4B-00C04F79EFBC}") = "PICO.Platform.Editor", "PICO.Platform.Editor.csproj", "{80353849-31FA-A3D4-F711-167FF2DFFEE6}"
EndProject
Global
	GlobalSection(SolutionConfigurationPlatforms) = preSolution
		Debug|Any CPU = Debug|Any CPU
		Release|Any CPU = Release|Any CPU
	EndGlobalSection
	GlobalSection(ProjectConfigurationPlatforms) = postSolution
		{CD42312B-2CBE-071F-9A73-F5C20E438DF4}.Debug|Any CPU.ActiveCfg = Debug|Any CPU
		{CD42312B-2CBE-071F-9A73-F5C20E438DF4}.Debug|Any CPU.Build.0 = Debug|Any CPU
		{CD42312B-2CBE-071F-9A73-F5C20E438DF4}.Release|Any CPU.ActiveCfg = Release|Any CPU
		{CD42312B-2CBE-071F-9A73-F5C20E438DF4}.Release|Any CPU.Build.0 = Release|Any CPU
		{3C0ABC21-2A7B-59EF-C0A5-EC7EAD94BE35}.Debug|Any CPU.ActiveCfg = Debug|Any CPU
		{3C0ABC21-2A7B-59EF-C0A5-EC7EAD94BE35}.Debug|Any CPU.Build.0 = Debug|Any CPU
		{3C0ABC21-2A7B-59EF-C0A5-EC7EAD94BE35}.Release|Any CPU.ActiveCfg = Release|Any CPU
		{3C0ABC21-2A7B-59EF-C0A5-EC7EAD94BE35}.Release|Any CPU.Build.0 = Release|Any CPU
		{76650762-AE58-ED2F-E5DA-E1A3F77A31A2}.Debug|Any CPU.ActiveCfg = Debug|Any CPU
		{76650762-AE58-ED2F-E5DA-E1A3F77A31A2}.Debug|Any CPU.Build.0 = Debug|Any CPU
		{76650762-AE58-ED2F-E5DA-E1A3F77A31A2}.Release|Any CPU.ActiveCfg = Release|Any CPU
		{76650762-AE58-ED2F-E5DA-E1A3F77A31A2}.Release|Any CPU.Build.0 = Release|Any CPU
		{06E654FE-3802-28E9-1B00-FF1D56BAEA29}.Debug|Any CPU.ActiveCfg = Debug|Any CPU
		{06E654FE-3802-28E9-1B00-FF1D56BAEA29}.Debug|Any CPU.Build.0 = Debug|Any CPU
		{06E654FE-3802-28E9-1B00-FF1D56BAEA29}.Release|Any CPU.ActiveCfg = Release|Any CPU
		{06E654FE-3802-28E9-1B00-FF1D56BAEA29}.Release|Any CPU.Build.0 = Release|Any CPU
		{94D5DABA-B7E3-1E17-4D2D-69F81E9C6B0E}.Debug|Any CPU.ActiveCfg = Debug|Any CPU
		{94D5DABA-B7E3-1E17-4D2D-69F81E9C6B0E}.Debug|Any CPU.Build.0 = Debug|Any CPU
		{94D5DABA-B7E3-1E17-4D2D-69F81E9C6B0E}.Release|Any CPU.ActiveCfg = Release|Any CPU
		{94D5DABA-B7E3-1E17-4D2D-69F81E9C6B0E}.Release|Any CPU.Build.0 = Release|Any CPU
		{095A93D6-786D-98D8-B61B-F3A3DE7D4E0F}.Debug|Any CPU.ActiveCfg = Debug|Any CPU
		{095A93D6-786D-98D8-B61B-F3A3DE7D4E0F}.Debug|Any CPU.Build.0 = Debug|Any CPU
		{095A93D6-786D-98D8-B61B-F3A3DE7D4E0F}.Release|Any CPU.ActiveCfg = Release|Any CPU
		{095A93D6-786D-98D8-B61B-F3A3DE7D4E0F}.Release|Any CPU.Build.0 = Release|Any CPU
		{D471412C-A26B-B821-9CFD-CC2B429FABF6}.Debug|Any CPU.ActiveCfg = Debug|Any CPU
		{D471412C-A26B-B821-9CFD-CC2B429FABF6}.Debug|Any CPU.Build.0 = Debug|Any CPU
		{D471412C-A26B-B821-9CFD-CC2B429FABF6}.Release|Any CPU.ActiveCfg = Release|Any CPU
		{D471412C-A26B-B821-9CFD-CC2B429FABF6}.Release|Any CPU.Build.0 = Release|Any CPU
		{80353849-31FA-A3D4-F711-167FF2DFFEE6}.Debug|Any CPU.ActiveCfg = Debug|Any CPU
		{80353849-31FA-A3D4-F711-167FF2DFFEE6}.Debug|Any CPU.Build.0 = Debug|Any CPU
		{80353849-31FA-A3D4-F711-167FF2DFFEE6}.Release|Any CPU.ActiveCfg = Release|Any CPU
		{80353849-31FA-A3D4-F711-167FF2DFFEE6}.Release|Any CPU.Build.0 = Release|Any CPU
	EndGlobalSection
	GlobalSection(SolutionProperties) = preSolution
		HideSolutionNode = FALSE
	EndGlobalSection
EndGlobal
